
Microsoft Visual Studio Solution File, Format Version 12.00
# Visual Studio 2012
Project("{FAE04EC0-301F-11D3-BF4B-00C04F79EFBC}") = "MvcSeasonsSite", "MvcSeasonsSite\MvcSeasonsSite.csproj", "{55A3D392-427E-4F23-B347-292015514CD4}"
EndProject
Global
	GlobalSection(SolutionConfigurationPlatforms) = preSolution
		Debug|Any CPU = Debug|Any CPU
		Release|Any CPU = Release|Any CPU
	EndGlobalSection
	GlobalSection(ProjectConfigurationPlatforms) = postSolution
		{55A3D392-427E-4F23-B347-292015514CD4}.Debug|Any CPU.ActiveCfg = Debug|Any CPU
		{55A3D392-427E-4F23-B347-292015514CD4}.Debug|Any CPU.Build.0 = Debug|Any CPU
		{55A3D392-427E-4F23-B347-292015514CD4}.Release|Any CPU.ActiveCfg = Release|Any CPU
		{55A3D392-427E-4F23-B347-292015514CD4}.Release|Any CPU.Build.0 = Release|Any CPU
	EndGlobalSection
	GlobalSection(SolutionProperties) = preSolution
		HideSolutionNode = FALSE
	EndGlobalSection
EndGlobal
